
Microsoft Visual Studio Solution File, Format Version 12.00
# Visual Studio Version 17
VisualStudioVersion = 17.1.32407.343
MinimumVisualStudioVersion = 10.0.40219.1
Project("{FAE04EC0-301F-11D3-BF4B-00C04F79EFBC}") = "Farmasi Stok Takip", "WindowsFormsApp2\Farmasi Stok Takip.csproj", "{02C617EE-D94A-4A23-8AB7-7C56BF37B2A2}"
EndProject
Project("{54435603-DBB4-11D2-8724-00A0C9A8B90C}") = "Setup2", "Setup2\Setup2.vdproj", "{87CAA313-687E-4222-ACAA-1FB09A228AAF}"
EndProject
Global
	GlobalSection(SolutionConfigurationPlatforms) = preSolution
		Debug|Any CPU = Debug|Any CPU
		Release|Any CPU = Release|Any CPU
	EndGlobalSection
	GlobalSection(ProjectConfigurationPlatforms) = postSolution
		{02C617EE-D94A-4A23-8AB7-7C56BF37B2A2}.Debug|Any CPU.ActiveCfg = Debug|Any CPU
		{02C617EE-D94A-4A23-8AB7-7C56BF37B2A2}.Debug|Any CPU.Build.0 = Debug|Any CPU
		{02C617EE-D94A-4A23-8AB7-7C56BF37B2A2}.Release|Any CPU.ActiveCfg = Release|Any CPU
		{02C617EE-D94A-4A23-8AB7-7C56BF37B2A2}.Release|Any CPU.Build.0 = Release|Any CPU
		{87CAA313-687E-4222-ACAA-1FB09A228AAF}.Debug|Any CPU.ActiveCfg = Debug
		{87CAA313-687E-4222-ACAA-1FB09A228AAF}.Release|Any CPU.ActiveCfg = Release
	EndGlobalSection
	GlobalSection(SolutionProperties) = preSolution
		HideSolutionNode = FALSE
	EndGlobalSection
	GlobalSection(ExtensibilityGlobals) = postSolution
		SolutionGuid = {BA1EF5C8-F056-48F8-A818-896E8759F51E}
	EndGlobalSection
EndGlobal
